{
  "name": "dsl-dbscheme",
  "version": "1.0.0",
  "lockfileVersion": 1,
  "requires": true,
  "dependencies": {
    "chevrotain": {
      "version": "7.0.1",
      "resolved": "https://registry.npmjs.org/chevrotain/-/chevrotain-7.0.1.tgz",
      "integrity": "sha512-B/44jrdw5GAzy483LEeVSgXSX0qOYM8lUd3l5+yf6Vl6OQjEUCm2BUiYbHRCIK6xCEvCLAFe1kj8uyV6+zdaVw==",
      "requires": {
        "regexp-to-ast": "0.5.0"
      }
    },
    "regexp-to-ast": {
      "version": "0.5.0",
      "resolved": "https://registry.npmjs.org/regexp-to-ast/-/regexp-to-ast-0.5.0.tgz",
      "integrity": "sha512-tlbJqcMHnPKI9zSrystikWKwHkBqu2a/Sgw01h3zFjvYrMxEDYHzzoMZnUrbIfpTFEsoRnnviOXNCzFiSc54Qw=="
    }
  }
}
